{
  "name": "bl-load-balancer",
  "version": "0.1.0",
  "lockfileVersion": 3,
  "requires": true,
  "packages": {
    "": {
      "name": "bl-load-balancer",
      "version": "0.1.0",
      "license": "GPL-3.0-or-later",
      "dependencies": {
        "is-localhost-ip": "^2.0.0"
      }
    },
    "node_modules/is-localhost-ip": {
      "version": "2.0.0",
      "resolved": "https://registry.npmjs.org/is-localhost-ip/-/is-localhost-ip-2.0.0.tgz",
      "integrity": "sha512-vlgs2cSgMOfnKU8c1ewgKPyum9rVrjjLLW2HBdL5i0iAJjOs8NY55ZBd/hqUTaYR0EO9CKZd3hVSC2HlIbygTQ==",
      "engines": {
        "node": ">=12"
      }
    }
  }
}
